
Microsoft Visual Studio Solution File, Format Version 12.00
Project("{FAE04EC0-301F-11D3-BF4B-00C04F79EFBC}") = "AppInfraCdkV1.Deploy", "AppInfraCdkV1.Deploy\AppInfraCdkV1.Deploy.csproj", "{F305E56A-4729-4449-8DD7-C3B4BC44A400}"
EndProject
Project("{FAE04EC0-301F-11D3-BF4B-00C04F79EFBC}") = "AppInfraCdkV1.Apps", "AppInfraCdkV1.Apps\AppInfraCdkV1.Apps.csproj", "{19A3DA91-8369-4410-AB2C-091AC9119666}"
EndProject
Project("{FAE04EC0-301F-11D3-BF4B-00C04F79EFBC}") = "AppInfraCdkV1.Core", "AppInfraCdkV1.Core\AppInfraCdkV1.Core.csproj", "{308C5D52-D57B-4753-A2CE-68B1AB5D9516}"
EndProject
Project("{2150E333-8FDC-42A3-9474-1A3956D46DE8}") = "tests", "tests", "{D2EC0A91-4BFA-4A7D-B6C8-EA64BE9B6B77}"
EndProject
Project("{FAE04EC0-301F-11D3-BF4B-00C04F79EFBC}") = "AppInfraCdkV1.Tests", "AppInfraCdkV1.Tests\AppInfraCdkV1.Tests.csproj", "{42A90B92-928C-4798-A775-A5BFE3C041BD}"
EndProject
Project("{2150E333-8FDC-42A3-9474-1A3956D46DE8}") = "src", "src", "{68429669-F1ED-427E-81BE-31CD239EFC85}"
EndProject
Project("{FAE04EC0-301F-11D3-BF4B-00C04F79EFBC}") = "AppInfraCdkV1.Stacks", "AppInfraCdkV1.Stacks\AppInfraCdkV1.Stacks.csproj", "{4B8328E7-8421-470F-84BD-5767AB6FFEF8}"
EndProject
Project("{FAE04EC0-301F-11D3-BF4B-00C04F79EFBC}") = "AppInfraCdkV1.Tools", "AppInfraCdkV1.Tools\AppInfraCdkV1.Tools.csproj", "{E698DCAD-FE90-46E5-9593-EA99BC9F09FA}"
EndProject
Global
	GlobalSection(SolutionConfigurationPlatforms) = preSolution
		Debug|Any CPU = Debug|Any CPU
		Release|Any CPU = Release|Any CPU
	EndGlobalSection
	GlobalSection(ProjectConfigurationPlatforms) = postSolution
		{F305E56A-4729-4449-8DD7-C3B4BC44A400}.Debug|Any CPU.ActiveCfg = Debug|Any CPU
		{F305E56A-4729-4449-8DD7-C3B4BC44A400}.Debug|Any CPU.Build.0 = Debug|Any CPU
		{F305E56A-4729-4449-8DD7-C3B4BC44A400}.Release|Any CPU.ActiveCfg = Release|Any CPU
		{F305E56A-4729-4449-8DD7-C3B4BC44A400}.Release|Any CPU.Build.0 = Release|Any CPU
		{19A3DA91-8369-4410-AB2C-091AC9119666}.Debug|Any CPU.ActiveCfg = Debug|Any CPU
		{19A3DA91-8369-4410-AB2C-091AC9119666}.Debug|Any CPU.Build.0 = Debug|Any CPU
		{19A3DA91-8369-4410-AB2C-091AC9119666}.Release|Any CPU.ActiveCfg = Release|Any CPU
		{19A3DA91-8369-4410-AB2C-091AC9119666}.Release|Any CPU.Build.0 = Release|Any CPU
		{308C5D52-D57B-4753-A2CE-68B1AB5D9516}.Debug|Any CPU.ActiveCfg = Debug|Any CPU
		{308C5D52-D57B-4753-A2CE-68B1AB5D9516}.Debug|Any CPU.Build.0 = Debug|Any CPU
		{308C5D52-D57B-4753-A2CE-68B1AB5D9516}.Release|Any CPU.ActiveCfg = Release|Any CPU
		{308C5D52-D57B-4753-A2CE-68B1AB5D9516}.Release|Any CPU.Build.0 = Release|Any CPU
		{42A90B92-928C-4798-A775-A5BFE3C041BD}.Debug|Any CPU.ActiveCfg = Debug|Any CPU
		{42A90B92-928C-4798-A775-A5BFE3C041BD}.Debug|Any CPU.Build.0 = Debug|Any CPU
		{42A90B92-928C-4798-A775-A5BFE3C041BD}.Release|Any CPU.ActiveCfg = Release|Any CPU
		{42A90B92-928C-4798-A775-A5BFE3C041BD}.Release|Any CPU.Build.0 = Release|Any CPU
		{4B8328E7-8421-470F-84BD-5767AB6FFEF8}.Debug|Any CPU.ActiveCfg = Debug|Any CPU
		{4B8328E7-8421-470F-84BD-5767AB6FFEF8}.Debug|Any CPU.Build.0 = Debug|Any CPU
		{4B8328E7-8421-470F-84BD-5767AB6FFEF8}.Release|Any CPU.ActiveCfg = Release|Any CPU
		{4B8328E7-8421-470F-84BD-5767AB6FFEF8}.Release|Any CPU.Build.0 = Release|Any CPU
		{E698DCAD-FE90-46E5-9593-EA99BC9F09FA}.Debug|Any CPU.ActiveCfg = Debug|Any CPU
		{E698DCAD-FE90-46E5-9593-EA99BC9F09FA}.Debug|Any CPU.Build.0 = Debug|Any CPU
		{E698DCAD-FE90-46E5-9593-EA99BC9F09FA}.Release|Any CPU.ActiveCfg = Release|Any CPU
		{E698DCAD-FE90-46E5-9593-EA99BC9F09FA}.Release|Any CPU.Build.0 = Release|Any CPU
	EndGlobalSection
	GlobalSection(NestedProjects) = preSolution
		{42A90B92-928C-4798-A775-A5BFE3C041BD} = {D2EC0A91-4BFA-4A7D-B6C8-EA64BE9B6B77}
		{19A3DA91-8369-4410-AB2C-091AC9119666} = {68429669-F1ED-427E-81BE-31CD239EFC85}
		{308C5D52-D57B-4753-A2CE-68B1AB5D9516} = {68429669-F1ED-427E-81BE-31CD239EFC85}
		{F305E56A-4729-4449-8DD7-C3B4BC44A400} = {68429669-F1ED-427E-81BE-31CD239EFC85}
		{4B8328E7-8421-470F-84BD-5767AB6FFEF8} = {68429669-F1ED-427E-81BE-31CD239EFC85}
		{E698DCAD-FE90-46E5-9593-EA99BC9F09FA} = {68429669-F1ED-427E-81BE-31CD239EFC85}
	EndGlobalSection
EndGlobal
